// !$*UTF8*$!
{
	archiveVersion = 1;
	classes = {
	};
	objectVersion = 46;
	objects = {

/* Begin PBXBuildFile section */
		BD2730041840F75F008CBC0E /* Foundation.framework in Frameworks */ = {isa = PBXBuildFile; fileRef = BD2730031840F75F008CBC0E /* Foundation.framework */; };
		BD2730061840F75F008CBC0E /* CoreGraphics.framework in Frameworks */ = {isa = PBXBuildFile; fileRef = BD2730051840F75F008CBC0E /* CoreGraphics.framework */; };
		BD2730081840F75F008CBC0E /* UIKit.framework in Frameworks */ = {isa = PBXBuildFile; fileRef = BD2730071840F75F008CBC0E /* UIKit.framework */; };
		BD27300E1840F75F008CBC0E /* InfoPlist.strings in Resources */ = {isa = PBXBuildFile; fileRef = BD27300C1840F75F008CBC0E /* InfoPlist.strings */; };
		BD2730101840F75F008CBC0E /* main.m in Sources */ = {isa = PBXBuildFile; fileRef = BD27300F1840F75F008CBC0E /* main.m */; };
		BD2730141840F75F008CBC0E /* AppDelegate.m in Sources */ = {isa = PBXBuildFile; fileRef = BD2730131840F75F008CBC0E /* AppDelegate.m */; };
		BD2730171840F75F008CBC0E /* Main.storyboard in Resources */ = {isa = PBXBuildFile; fileRef = BD2730151840F75F008CBC0E /* Main.storyboard */; };
		BD27301A1840F75F008CBC0E /* ViewController.m in Sources */ = {isa = PBXBuildFile; fileRef = BD2730191840F75F008CBC0E /* ViewController.m */; };
		BD27301C1840F75F008CBC0E /* Images.xcassets in Resources */ = {isa = PBXBuildFile; fileRef = BD27301B1840F75F008CBC0E /* Images.xcassets */; };
		BD2730231840F75F008CBC0E /* XCTest.framework in Frameworks */ = {isa = PBXBuildFile; fileRef = BD2730221840F75F008CBC0E /* XCTest.framework */; };
		BD2730241840F75F008CBC0E /* Foundation.framework in Frameworks */ = {isa = PBXBuildFile; fileRef = BD2730031840F75F008CBC0E /* Foundation.framework */; };
		BD2730251840F75F008CBC0E /* UIKit.framework in Frameworks */ = {isa = PBXBuildFile; fileRef = BD2730071840F75F008CBC0E /* UIKit.framework */; };
		BD27302D1840F75F008CBC0E /* InfoPlist.strings in Resources */ = {isa = PBXBuildFile; fileRef = BD27302B1840F75F008CBC0E /* InfoPlist.strings */; };
		BD27302F1840F75F008CBC0E /* Hello_WorldTests.m in Sources */ = {isa = PBXBuildFile; fileRef = BD27302E1840F75F008CBC0E /* Hello_WorldTests.m */; };
/* End PBXBuildFile section */

/* Begin PBXContainerItemProxy section */
		BD2730261840F75F008CBC0E /* PBXContainerItemProxy */ = {
			isa = PBXContainerItemProxy;
			containerPortal = BD272FF81840F75F008CBC0E /* Project object */;
			proxyType = 1;
			remoteGlobalIDString = BD272FFF1840F75F008CBC0E;
			remoteInfo = "Hello World";
		};
/* End PBXContainerItemProxy section */

/* Begin PBXFileReference section */
		BD2730001840F75F008CBC0E /* Hello World.app */ = {isa = PBXFileReference; explicitFileType = wrapper.application; includeInIndex = 0; path = "Hello World.app"; sourceTree = BUILT_PRODUCTS_DIR; };
		BD2730031840F75F008CBC0E /* Foundation.framework */ = {isa = PBXFileReference; lastKnownFileType = wrapper.framework; name = Foundation.framework; path = System/Library/Frameworks/Foundation.framework; sourceTree = SDKROOT; };
		BD2730051840F75F008CBC0E /* CoreGraphics.framework */ = {isa = PBXFileReference; lastKnownFileType = wrapper.framework; name = CoreGraphics.framework; path = System/Library/Frameworks/CoreGraphics.framework; sourceTree = SDKROOT; };
		BD2730071840F75F008CBC0E /* UIKit.framework */ = {isa = PBXFileReference; lastKnownFileType = wrapper.framework; name = UIKit.framework; path = System/Library/Frameworks/UIKit.framework; sourceTree = SDKROOT; };
		BD27300B1840F75F008CBC0E /* Hello World-Info.plist */ = {isa = PBXFileReference; lastKnownFileType = text.plist.xml; path = "Hello World-Info.plist"; sourceTree = "<group>"; };
		BD27300D1840F75F008CBC0E /* en */ = {isa = PBXFileReference; lastKnownFileType = text.plist.strings; name = en; path = en.lproj/InfoPlist.strings; sourceTree = "<group>"; };
		BD27300F1840F75F008CBC0E /* main.m */ = {isa = PBXFileReference; lastKnownFileType = sourcecode.c.objc; path = main.m; sourceTree = "<group>"; };
		BD2730111840F75F008CBC0E /* Hello World-Prefix.pch */ = {isa = PBXFileReference; lastKnownFileType = sourcecode.c.h; path = "Hello World-Prefix.pch"; sourceTree = "<group>"; };
		BD2730121840F75F008CBC0E /* AppDelegate.h */ = {isa = PBXFileReference; lastKnownFileType = sourcecode.c.h; path = AppDelegate.h; sourceTree = "<group>"; };
		BD2730131840F75F008CBC0E /* AppDelegate.m */ = {isa = PBXFileReference; lastKnownFileType = sourcecode.c.objc; path = AppDelegate.m; sourceTree = "<group>"; };
		BD2730161840F75F008CBC0E /* Base */ = {isa = PBXFileReference; lastKnownFileType = file.storyboard; name = Base; path = Base.lproj/Main.storyboard; sourceTree = "<group>"; };
		BD2730181840F75F008CBC0E /* ViewController.h */ = {isa = PBXFileReference; lastKnownFileType = sourcecode.c.h; path = ViewController.h; sourceTree = "<group>"; };
		BD2730191840F75F008CBC0E /* ViewController.m */ = {isa = PBXFileReference; lastKnownFileType = sourcecode.c.objc; path = ViewController.m; sourceTree = "<group>"; };
		BD27301B1840F75F008CBC0E /* Images.xcassets */ = {isa = PBXFileReference; lastKnownFileType = folder.assetcatalog; path = Images.xcassets; sourceTree = "<group>"; };
		BD2730211840F75F008CBC0E /* Hello WorldTests.xctest */ = {isa = PBXFileReference; explicitFileType = wrapper.cfbundle; includeInIndex = 0; path = "Hello WorldTests.xctest"; sourceTree = BUILT_PRODUCTS_DIR; };
		BD2730221840F75F008CBC0E /* XCTest.framework */ = {isa = PBXFileReference; lastKnownFileType = wrapper.framework; name = XCTest.framework; path = Library/Frameworks/XCTest.framework; sourceTree = DEVELOPER_DIR; };
		BD27302A1840F75F008CBC0E /* Hello WorldTests-Info.plist */ = {isa = PBXFileReference; lastKnownFileType = text.plist.xml; path = "Hello WorldTests-Info.plist"; sourceTree = "<group>"; };
		BD27302C1840F75F008CBC0E /* en */ = {isa = PBXFileReference; lastKnownFileType = text.plist.strings; name = en; path = en.lproj/InfoPlist.strings; sourceTree = "<group>"; };
		BD27302E1840F75F008CBC0E /* Hello_WorldTests.m */ = {isa = PBXFileReference; lastKnownFileType = sourcecode.c.objc; path = Hello_WorldTests.m; sourceTree = "<group>"; };
/* End PBXFileReference section */

/* Begin PBXFrameworksBuildPhase section */
		BD272FFD1840F75F008CBC0E /* Frameworks */ = {
			isa = PBXFrameworksBuildPhase;
			buildActionMask = 2147483647;
			files = (
				BD2730061840F75F008CBC0E /* CoreGraphics.framework in Frameworks */,
				BD2730081840F75F008CBC0E /* UIKit.framework in Frameworks */,
				BD2730041840F75F008CBC0E /* Foundation.framework in Frameworks */,
			);
			runOnlyForDeploymentPostprocessing = 0;
		};
		BD27301E1840F75F008CBC0E /* Frameworks */ = {
			isa = PBXFrameworksBuildPhase;
			buildActionMask = 2147483647;
			files = (
				BD2730231840F75F008CBC0E /* XCTest.framework in Frameworks */,
				BD2730251840F75F008CBC0E /* UIKit.framework in Frameworks */,
				BD2730241840F75F008CBC0E /* Foundation.framework in Frameworks */,
			);
			runOnlyForDeploymentPostprocessing = 0;
		};
/* End PBXFrameworksBuildPhase section */

/* Begin PBXGroup section */
		BD272FF71840F75F008CBC0E = {
			isa = PBXGroup;
			children = (
				BD2730091840F75F008CBC0E /* Hello World */,
				BD2730281840F75F008CBC0E /* Hello WorldTests */,
				BD2730021840F75F008CBC0E /* Frameworks */,
				BD2730011840F75F008CBC0E /* Products */,
			);
			sourceTree = "<group>";
		};
		BD2730011840F75F008CBC0E /* Products */ = {
			isa = PBXGroup;
			children = (
				BD2730001840F75F008CBC0E /* Hello World.app */,
				BD2730211840F75F008CBC0E /* Hello WorldTests.xctest */,
			);
			name = Products;
			sourceTree = "<group>";
		};
		BD2730021840F75F008CBC0E /* Frameworks */ = {
			isa = PBXGroup;
			children = (
				BD2730031840F75F008CBC0E /* Foundation.framework */,
				BD2730051840F75F008CBC0E /* CoreGraphics.framework */,
				BD2730071840F75F008CBC0E /* UIKit.framework */,
				BD2730221840F75F008CBC0E /* XCTest.framework */,
			);
			name = Frameworks;
			sourceTree = "<group>";
		};
		BD2730091840F75F008CBC0E /* Hello World */ = {
			isa = PBXGroup;
			children = (
				BD2730121840F75F008CBC0E /* AppDelegate.h */,
				BD2730131840F75F008CBC0E /* AppDelegate.m */,
				BD2730151840F75F008CBC0E /* Main.storyboard */,
				BD2730181840F75F008CBC0E /* ViewController.h */,
				BD2730191840F75F008CBC0E /* ViewController.m */,
				BD27301B1840F75F008CBC0E /* Images.xcassets */,
				BD27300A1840F75F008CBC0E /* Supporting Files */,
			);
			path = "Hello World";
			sourceTree = "<group>";
		};
		BD27300A1840F75F008CBC0E /* Supporting Files */ = {
			isa = PBXGroup;
			children = (
				BD27300B1840F75F008CBC0E /* Hello World-Info.plist */,
				BD27300C1840F75F008CBC0E /* InfoPlist.strings */,
				BD27300F1840F75F008CBC0E /* main.m */,
				BD2730111840F75F008CBC0E /* Hello World-Prefix.pch */,
			);
			name = "Supporting Files";
			sourceTree = "<group>";
		};
		BD2730281840F75F008CBC0E /* Hello WorldTests */ = {
			isa = PBXGroup;
			children = (
				BD27302E1840F75F008CBC0E /* Hello_WorldTests.m */,
				BD2730291840F75F008CBC0E /* Supporting Files */,
			);
			path = "Hello WorldTests";
			sourceTree = "<group>";
		};
		BD2730291840F75F008CBC0E /* Supporting Files */ = {
			isa = PBXGroup;
			children = (
				BD27302A1840F75F008CBC0E /* Hello WorldTests-Info.plist */,
				BD27302B1840F75F008CBC0E /* InfoPlist.strings */,
			);
			name = "Supporting Files";
			sourceTree = "<group>";
		};
/* End PBXGroup section */

/* Begin PBXNativeTarget section */
		BD272FFF1840F75F008CBC0E /* Hello World */ = {
			isa = PBXNativeTarget;
			buildConfigurationList = BD2730321840F75F008CBC0E /* Build configuration list for PBXNativeTarget "Hello World" */;
			buildPhases = (
				BD272FFC1840F75F008CBC0E /* Sources */,
				BD272FFD1840F75F008CBC0E /* Frameworks */,
				BD272FFE1840F75F008CBC0E /* Resources */,
			);
			buildRules = (
			);
			dependencies = (
			);
			name = "Hello World";
			productName = "Hello World";
			productReference = BD2730001840F75F008CBC0E /* Hello World.app */;
			productType = "com.apple.product-type.application";
		};
		BD2730201840F75F008CBC0E /* Hello WorldTests */ = {
			isa = PBXNativeTarget;
			buildConfigurationList = BD2730351840F75F008CBC0E /* Build configuration list for PBXNativeTarget "Hello WorldTests" */;
			buildPhases = (
				BD27301D1840F75F008CBC0E /* Sources */,
				BD27301E1840F75F008CBC0E /* Frameworks */,
				BD27301F1840F75F008CBC0E /* Resources */,
			);
			buildRules = (
			);
			dependencies = (
				BD2730271840F75F008CBC0E /* PBXTargetDependency */,
			);
			name = "Hello WorldTests";
			productName = "Hello WorldTests";
			productReference = BD2730211840F75F008CBC0E /* Hello WorldTests.xctest */;
			productType = "com.apple.product-type.bundle.unit-test";
		};
/* End PBXNativeTarget section */

/* Begin PBXProject section */
		BD272FF81840F75F008CBC0E /* Project object */ = {
			isa = PBXProject;
			attributes = {
				LastUpgradeCheck = 0500;
				ORGANIZATIONNAME = "Vincent Randal";
				TargetAttributes = {
					BD2730201840F75F008CBC0E = {
						TestTargetID = BD272FFF1840F75F008CBC0E;
					};
				};
			};
			buildConfigurationList = BD272FFB1840F75F008CBC0E /* Build configuration list for PBXProject "Hello World" */;
			compatibilityVersion = "Xcode 3.2";
			developmentRegion = English;
			hasScannedForEncodings = 0;
			knownRegions = (
				en,
				Base,
			);
			mainGroup = BD272FF71840F75F008CBC0E;
			productRefGroup = BD2730011840F75F008CBC0E /* Products */;
			projectDirPath = "";
			projectRoot = "";
			targets = (
				BD272FFF1840F75F008CBC0E /* Hello World */,
				BD2730201840F75F008CBC0E /* Hello WorldTests */,
			);
		};
/* End PBXProject section */

/* Begin PBXResourcesBuildPhase section */
		BD272FFE1840F75F008CBC0E /* Resources */ = {
			isa = PBXResourcesBuildPhase;
			buildActionMask = 2147483647;
			files = (
				BD27301C1840F75F008CBC0E /* Images.xcassets in Resources */,
				BD27300E1840F75F008CBC0E /* InfoPlist.strings in Resources */,
				BD2730171840F75F008CBC0E /* Main.storyboard in Resources */,
			);
			runOnlyForDeploymentPostprocessing = 0;
		};
		BD27301F1840F75F008CBC0E /* Resources */ = {
			isa = PBXResourcesBuildPhase;
			buildActionMask = 2147483647;
			files = (
				BD27302D1840F75F008CBC0E /* InfoPlist.strings in Resources */,
			);
			runOnlyForDeploymentPostprocessing = 0;
		};
/* End PBXResourcesBuildPhase section */

/* Begin PBXSourcesBuildPhase section */
		BD272FFC1840F75F008CBC0E /* Sources */ = {
			isa = PBXSourcesBuildPhase;
			buildActionMask = 2147483647;
			files = (
				BD27301A1840F75F008CBC0E /* ViewController.m in Sources */,
				BD2730141840F75F008CBC0E /* AppDelegate.m in Sources */,
				BD2730101840F75F008CBC0E /* main.m in Sources */,
			);
			runOnlyForDeploymentPostprocessing = 0;
		};
		BD27301D1840F75F008CBC0E /* Sources */ = {
			isa = PBXSourcesBuildPhase;
			buildActionMask = 2147483647;
			files = (
				BD27302F1840F75F008CBC0E /* Hello_WorldTests.m in Sources */,
			);
			runOnlyForDeploymentPostprocessing = 0;
		};
/* End PBXSourcesBuildPhase section */

/* Begin PBXTargetDependency section */
		BD2730271840F75F008CBC0E /* PBXTargetDependency */ = {
			isa = PBXTargetDependency;
			target = BD272FFF1840F75F008CBC0E /* Hello World */;
			targetProxy = BD2730261840F75F008CBC0E /* PBXContainerItemProxy */;
		};
/* End PBXTargetDependency section */

/* Begin PBXVariantGroup section */
		BD27300C1840F75F008CBC0E /* InfoPlist.strings */ = {
			isa = PBXVariantGroup;
			children = (
				BD27300D1840F75F008CBC0E /* en */,
			);
			name = InfoPlist.strings;
			sourceTree = "<group>";
		};
		BD2730151840F75F008CBC0E /* Main.storyboard */ = {
			isa = PBXVariantGroup;
			children = (
				BD2730161840F75F008CBC0E /* Base */,
			);
			name = Main.storyboard;
			sourceTree = "<group>";
		};
		BD27302B1840F75F008CBC0E /* InfoPlist.strings */ = {
			isa = PBXVariantGroup;
			children = (
				BD27302C1840F75F008CBC0E /* en */,
			);
			name = InfoPlist.strings;
			sourceTree = "<group>";
		};
/* End PBXVariantGroup section */

/* Begin XCBuildConfiguration section */
		BD2730301840F75F008CBC0E /* Debug */ = {
			isa = XCBuildConfiguration;
			buildSettings = {
				ALWAYS_SEARCH_USER_PATHS = NO;
				ARCHS = "$(ARCHS_STANDARD_INCLUDING_64_BIT)";
				CLANG_CXX_LANGUAGE_STANDARD = "gnu++0x";
				CLANG_CXX_LIBRARY = "libc++";
				CLANG_ENABLE_MODULES = YES;
				CLANG_ENABLE_OBJC_ARC = YES;
				CLANG_WARN_BOOL_CONVERSION = YES;
				CLANG_WARN_CONSTANT_CONVERSION = YES;
				CLANG_WARN_DIRECT_OBJC_ISA_USAGE = YES_ERROR;
				CLANG_WARN_EMPTY_BODY = YES;
				CLANG_WARN_ENUM_CONVERSION = YES;
				CLANG_WARN_INT_CONVERSION = YES;
				CLANG_WARN_OBJC_ROOT_CLASS = YES_ERROR;
				CLANG_WARN__DUPLICATE_METHOD_MATCH = YES;
				"CODE_SIGN_IDENTITY[sdk=iphoneos*]" = "iPhone Developer";
				COPY_PHASE_STRIP = NO;
				GCC_C_LANGUAGE_STANDARD = gnu99;
				GCC_DYNAMIC_NO_PIC = NO;
				GCC_OPTIMIZATION_LEVEL = 0;
				GCC_PREPROCESSOR_DEFINITIONS = (
					"DEBUG=1",
					"$(inherited)",
				);
				GCC_SYMBOLS_PRIVATE_EXTERN = NO;
				GCC_WARN_64_TO_32_BIT_CONVERSION = YES;
				GCC_WARN_ABOUT_RETURN_TYPE = YES_ERROR;
				GCC_WARN_UNDECLARED_SELECTOR = YES;
				GCC_WARN_UNINITIALIZED_AUTOS = YES;
				GCC_WARN_UNUSED_FUNCTION = YES;
				GCC_WARN_UNUSED_VARIABLE = YES;
				IPHONEOS_DEPLOYMENT_TARGET = 7.0;
				ONLY_ACTIVE_ARCH = YES;
				SDKROOT = iphoneos;
			};
			name = Debug;
		};
		BD2730311840F75F008CBC0E /* Release */ = {
			isa = XCBuildConfiguration;
			buildSettings = {
				ALWAYS_SEARCH_USER_PATHS = NO;
				ARCHS = "$(ARCHS_STANDARD_INCLUDING_64_BIT)";
				CLANG_CXX_LANGUAGE_STANDARD = "gnu++0x";
				CLANG_CXX_LIBRARY = "libc++";
				CLANG_ENABLE_MODULES = YES;
				CLANG_ENABLE_OBJC_ARC = YES;
				CLANG_WARN_BOOL_CONVERSION = YES;
				CLANG_WARN_CONSTANT_CONVERSION = YES;
				CLANG_WARN_DIRECT_OBJC_ISA_USAGE = YES_ERROR;
				CLANG_WARN_EMPTY_BODY = YES;
				CLANG_WARN_ENUM_CONVERSION = YES;
				CLANG_WARN_INT_CONVERSION = YES;
				CLANG_WARN_OBJC_ROOT_CLASS = YES_ERROR;
				CLANG_WARN__DUPLICATE_METHOD_MATCH = YES;
				"CODE_SIGN_IDENTITY[sdk=iphoneos*]" = "iPhone Developer";
				COPY_PHASE_STRIP = YES;
				ENABLE_NS_ASSERTIONS = NO;
				GCC_C_LANGUAGE_STANDARD = gnu99;
				GCC_WARN_64_TO_32_BIT_CONVERSION = YES;
				GCC_WARN_ABOUT_RETURN_TYPE = YES_ERROR;
				GCC_WARN_UNDECLARED_SELECTOR = YES;
				GCC_WARN_UNINITIALIZED_AUTOS = YES;
				GCC_WARN_UNUSED_FUNCTION = YES;
				GCC_WARN_UNUSED_VARIABLE = YES;
				IPHONEOS_DEPLOYMENT_TARGET = 7.0;
				SDKROOT = iphoneos;
				VALIDATE_PRODUCT = YES;
			};
			name = Release;
		};
		BD2730331840F75F008CBC0E /* Debug */ = {
			isa = XCBuildConfiguration;
			buildSettings = {
				ASSETCATALOG_COMPILER_APPICON_NAME = AppIcon;
				ASSETCATALOG_COMPILER_LAUNCHIMAGE_NAME = LaunchImage;
				GCC_PRECOMPILE_PREFIX_HEADER = YES;
				GCC_PREFIX_HEADER = "Hello World/Hello World-Prefix.pch";
				INFOPLIST_FILE = "Hello World/Hello World-Info.plist";
				PRODUCT_NAME = "$(TARGET_NAME)";
				WRAPPER_EXTENSION = app;
			};
			name = Debug;
		};
		BD2730341840F75F008CBC0E /* Release */ = {
			isa = XCBuildConfiguration;
			buildSettings = {
				ASSETCATALOG_COMPILER_APPICON_NAME = AppIcon;
				ASSETCATALOG_COMPILER_LAUNCHIMAGE_NAME = LaunchImage;
				GCC_PRECOMPILE_PREFIX_HEADER = YES;
				GCC_PREFIX_HEADER = "Hello World/Hello World-Prefix.pch";
				INFOPLIST_FILE = "Hello World/Hello World-Info.plist";
				PRODUCT_NAME = "$(TARGET_NAME)";
				WRAPPER_EXTENSION = app;
			};
			name = Release;
		};
		BD2730361840F75F008CBC0E /* Debug */ = {
			isa = XCBuildConfiguration;
			buildSettings = {
				ARCHS = "$(ARCHS_STANDARD_INCLUDING_64_BIT)";
				BUNDLE_LOADER = "$(BUILT_PRODUCTS_DIR)/Hello World.app/Hello World";
				FRAMEWORK_SEARCH_PATHS = (
					"$(SDKROOT)/Developer/Library/Frameworks",
					"$(inherited)",
					"$(DEVELOPER_FRAMEWORKS_DIR)",
				);
				GCC_PRECOMPILE_PREFIX_HEADER = YES;
				GCC_PREFIX_HEADER = "Hello World/Hello World-Prefix.pch";
				GCC_PREPROCESSOR_DEFINITIONS = (
					"DEBUG=1",
					"$(inherited)",
				);
				INFOPLIST_FILE = "Hello WorldTests/Hello WorldTests-Info.plist";
				PRODUCT_NAME = "$(TARGET_NAME)";
				TEST_HOST = "$(BUNDLE_LOADER)";
				WRAPPER_EXTENSION = xctest;
			};
			name = Debug;
		};
		BD2730371840F75F008CBC0E /* Release */ = {
			isa = XCBuildConfiguration;
			buildSettings = {
				ARCHS = "$(ARCHS_STANDARD_INCLUDING_64_BIT)";
				BUNDLE_LOADER = "$(BUILT_PRODUCTS_DIR)/Hello World.app/Hello World";
				FRAMEWORK_SEARCH_PATHS = (
					"$(SDKROOT)/Developer/Library/Frameworks",
					"$(inherited)",
					"$(DEVELOPER_FRAMEWORKS_DIR)",
				);
				GCC_PRECOMPILE_PREFIX_HEADER = YES;
				GCC_PREFIX_HEADER = "Hello World/Hello World-Prefix.pch";
				INFOPLIST_FILE = "Hello WorldTests/Hello WorldTests-Info.plist";
				PRODUCT_NAME = "$(TARGET_NAME)";
				TEST_HOST = "$(BUNDLE_LOADER)";
				WRAPPER_EXTENSION = xctest;
			};
			name = Release;
		};
/* End XCBuildConfiguration section */

/* Begin XCConfigurationList section */
		BD272FFB1840F75F008CBC0E /* Build configuration list for PBXProject "Hello World" */ = {
			isa = XCConfigurationList;
			buildConfigurations = (
				BD2730301840F75F008CBC0E /* Debug */,
				BD2730311840F75F008CBC0E /* Release */,
			);
			defaultConfigurationIsVisible = 0;
			defaultConfigurationName = Release;
		};
		BD2730321840F75F008CBC0E /* Build configuration list for PBXNativeTarget "Hello World" */ = {
			isa = XCConfigurationList;
			buildConfigurations = (
				BD2730331840F75F008CBC0E /* Debug */,
				BD2730341840F75F008CBC0E /* Release */,
			);
			defaultConfigurationIsVisible = 0;
		};
		BD2730351840F75F008CBC0E /* Build configuration list for PBXNativeTarget "Hello WorldTests" */ = {
			isa = XCConfigurationList;
			buildConfigurations = (
				BD2730361840F75F008CBC0E /* Debug */,
				BD2730371840F75F008CBC0E /* Release */,
			);
			defaultConfigurationIsVisible = 0;
		};
/* End XCConfigurationList section */
	};
	rootObject = BD272FF81840F75F008CBC0E /* Project object */;
}
